
Microsoft Visual Studio Solution File, Format Version 12.00
# Visual Studio 15
Project("{FAE04EC0-301F-11D3-BF4B-00C04F79EFBC}") = "Assembly-CSharp", "Assembly-CSharp.csproj", "{72302139-75EE-1007-2503-BF16FFEC4599}"
EndProject
Project("{FAE04EC0-301F-11D3-BF4B-00C04F79EFBC}") = "Assembly-CSharp-Editor", "Assembly-CSharp-Editor.csproj", "{64954E30-8F3B-FAB5-2D95-8E999B2A8B2E}"
EndProject
Global
	GlobalSection(SolutionConfigurationPlatforms) = preSolution
		Debug|Any CPU = Debug|Any CPU
		Release|Any CPU = Release|Any CPU
	EndGlobalSection
	GlobalSection(ProjectConfigurationPlatforms) = postSolution
		{72302139-75EE-1007-2503-BF16FFEC4599}.Debug|Any CPU.ActiveCfg = Debug|Any CPU
		{72302139-75EE-1007-2503-BF16FFEC4599}.Debug|Any CPU.Build.0 = Debug|Any CPU
		{72302139-75EE-1007-2503-BF16FFEC4599}.Release|Any CPU.ActiveCfg = Release|Any CPU
		{72302139-75EE-1007-2503-BF16FFEC4599}.Release|Any CPU.Build.0 = Release|Any CPU
		{64954E30-8F3B-FAB5-2D95-8E999B2A8B2E}.Debug|Any CPU.ActiveCfg = Debug|Any CPU
		{64954E30-8F3B-FAB5-2D95-8E999B2A8B2E}.Debug|Any CPU.Build.0 = Debug|Any CPU
		{64954E30-8F3B-FAB5-2D95-8E999B2A8B2E}.Release|Any CPU.ActiveCfg = Release|Any CPU
		{64954E30-8F3B-FAB5-2D95-8E999B2A8B2E}.Release|Any CPU.Build.0 = Release|Any CPU
	EndGlobalSection
	GlobalSection(SolutionProperties) = preSolution
		HideSolutionNode = FALSE
	EndGlobalSection
EndGlobal
